
Microsoft Visual Studio Solution File, Format Version 12.00
# Visual Studio Version 17
VisualStudioVersion = 17.3.32825.248
MinimumVisualStudioVersion = 10.0.40219.1
Project("{FAE04EC0-301F-11D3-BF4B-00C04F79EFBC}") = "VehiclePosition_Application", "VehiclePosition_Application\VehiclePosition_Application.csproj", "{02707068-0F68-45C4-BE20-A69917D3F4F4}"
EndProject
Global
	GlobalSection(SolutionConfigurationPlatforms) = preSolution
		Debug|Any CPU = Debug|Any CPU
		Release|Any CPU = Release|Any CPU
	EndGlobalSection
	GlobalSection(ProjectConfigurationPlatforms) = postSolution
		{02707068-0F68-45C4-BE20-A69917D3F4F4}.Debug|Any CPU.ActiveCfg = Debug|Any CPU
		{02707068-0F68-45C4-BE20-A69917D3F4F4}.Debug|Any CPU.Build.0 = Debug|Any CPU
		{02707068-0F68-45C4-BE20-A69917D3F4F4}.Release|Any CPU.ActiveCfg = Release|Any CPU
		{02707068-0F68-45C4-BE20-A69917D3F4F4}.Release|Any CPU.Build.0 = Release|Any CPU
	EndGlobalSection
	GlobalSection(SolutionProperties) = preSolution
		HideSolutionNode = FALSE
	EndGlobalSection
	GlobalSection(ExtensibilityGlobals) = postSolution
		SolutionGuid = {86C0763F-C4DB-4FB6-9605-710D9D532E73}
	EndGlobalSection
EndGlobal
